{
    "_meta": {
        "hash": {
            "sha256": "4391585735e9e0aa52c3508c7b0e6a23e78a41e10eba8d4fdb5335e80adc5c20"
        },
        "pipfile-spec": 6,
        "requires": {
            "python_version": "3.10.2"
        },
        "sources": [
            {
                "name": "pypi",
                "url": "https://pypi.org/simple",
                "verify_ssl": true
            }
        ]
    },
    "default": {
        "alembic": {
            "hashes": [
                "sha256:7c328694a2e68f03ee971e63c3bd885846470373a5b532cf2c9f1601c413b153",
                "sha256:a9dde941534e3d7573d9644e8ea62a2953541e27bc1793e166f60b777ae098b4"
            ],
            "index": "pypi",
            "version": "==1.7.5"
        },
        "greenlet": {
            "hashes": [
                "sha256:0051c6f1f27cb756ffc0ffbac7d2cd48cb0362ac1736871399a739b2885134d3",
                "sha256:00e44c8afdbe5467e4f7b5851be223be68adb4272f44696ee71fe46b7036a711",
                "sha256:013d61294b6cd8fe3242932c1c5e36e5d1db2c8afb58606c5a67efce62c1f5fd",
                "sha256:049fe7579230e44daef03a259faa24511d10ebfa44f69411d99e6a184fe68073",
                "sha256:14d4f3cd4e8b524ae9b8aa567858beed70c392fdec26dbdb0a8a418392e71708",
                "sha256:166eac03e48784a6a6e0e5f041cfebb1ab400b394db188c48b3a84737f505b67",
                "sha256:17ff94e7a83aa8671a25bf5b59326ec26da379ace2ebc4411d690d80a7fbcf23",
                "sha256:1e12bdc622676ce47ae9abbf455c189e442afdde8818d9da983085df6312e7a1",
                "sha256:21915eb821a6b3d9d8eefdaf57d6c345b970ad722f856cd71739493ce003ad08",
                "sha256:288c6a76705dc54fba69fbcb59904ae4ad768b4c768839b8ca5fdadec6dd8cfd",
                "sha256:2bde6792f313f4e918caabc46532aa64aa27a0db05d75b20edfc5c6f46479de2",
                "sha256:32ca72bbc673adbcfecb935bb3fb1b74e663d10a4b241aaa2f5a75fe1d1f90aa",
                "sha256:356b3576ad078c89a6107caa9c50cc14e98e3a6c4874a37c3e0273e4baf33de8",
                "sha256:40b951f601af999a8bf2ce8c71e8aaa4e8c6f78ff8afae7b808aae2dc50d4c40",
                "sha256:572e1787d1460da79590bf44304abbc0a2da944ea64ec549188fa84d89bba7ab",
                "sha256:58df5c2a0e293bf665a51f8a100d3e9956febfbf1d9aaf8c0677cf70218910c6",
                "sha256:64e6175c2e53195278d7388c454e0b30997573f3f4bd63697f88d855f7a6a1fc",
                "sha256:7227b47e73dedaa513cdebb98469705ef0d66eb5a1250144468e9c3097d6b59b",
                "sha256:7418b6bfc7fe3331541b84bb2141c9baf1ec7132a7ecd9f375912eca810e714e",
                "sha256:7cbd7574ce8e138bda9df4efc6bf2ab8572c9aff640d8ecfece1b006b68da963",
                "sha256:7ff61ff178250f9bb3cd89752df0f1dd0e27316a8bd1465351652b1b4a4cdfd3",
                "sha256:833e1551925ed51e6b44c800e71e77dacd7e49181fdc9ac9a0bf3714d515785d",
                "sha256:8639cadfda96737427330a094476d4c7a56ac03de7265622fcf4cfe57c8ae18d",
                "sha256:8c5d5b35f789a030ebb95bff352f1d27a93d81069f2adb3182d99882e095cefe",
                "sha256:8c790abda465726cfb8bb08bd4ca9a5d0a7bd77c7ac1ca1b839ad823b948ea28",
                "sha256:8d2f1fb53a421b410751887eb4ff21386d119ef9cde3797bf5e7ed49fb51a3b3",
                "sha256:903bbd302a2378f984aef528f76d4c9b1748f318fe1294961c072bdc7f2ffa3e",
                "sha256:93f81b134a165cc17123626ab8da2e30c0455441d4ab5576eed73a64c025b25c",
                "sha256:95e69877983ea39b7303570fa6760f81a3eec23d0e3ab2021b7144b94d06202d",
                "sha256:9633b3034d3d901f0a46b7939f8c4d64427dfba6bbc5a36b1a67364cf148a1b0",
                "sha256:97e5306482182170ade15c4b0d8386ded995a07d7cc2ca8f27958d34d6736497",
                "sha256:9f3cba480d3deb69f6ee2c1825060177a22c7826431458c697df88e6aeb3caee",
                "sha256:aa5b467f15e78b82257319aebc78dd2915e4c1436c3c0d1ad6f53e47ba6e2713",
                "sha256:abb7a75ed8b968f3061327c433a0fbd17b729947b400747c334a9c29a9af6c58",
                "sha256:aec52725173bd3a7b56fe91bc56eccb26fbdff1386ef123abb63c84c5b43b63a",
                "sha256:b11548073a2213d950c3f671aa88e6f83cda6e2fb97a8b6317b1b5b33d850e06",
                "sha256:b1692f7d6bc45e3200844be0dba153612103db241691088626a33ff1f24a0d88",
                "sha256:b336501a05e13b616ef81ce329c0e09ac5ed8c732d9ba7e3e983fcc1a9e86965",
                "sha256:b8c008de9d0daba7b6666aa5bbfdc23dcd78cafc33997c9b7741ff6353bafb7f",
                "sha256:b92e29e58bef6d9cfd340c72b04d74c4b4e9f70c9fa7c78b674d1fec18896dc4",
                "sha256:be5f425ff1f5f4b3c1e33ad64ab994eed12fc284a6ea71c5243fd564502ecbe5",
                "sha256:dd0b1e9e891f69e7675ba5c92e28b90eaa045f6ab134ffe70b52e948aa175b3c",
                "sha256:e30f5ea4ae2346e62cedde8794a56858a67b878dd79f7df76a0767e356b1744a",
                "sha256:e6a36bb9474218c7a5b27ae476035497a6990e21d04c279884eb10d9b290f1b1",
                "sha256:e859fcb4cbe93504ea18008d1df98dee4f7766db66c435e4882ab35cf70cac43",
                "sha256:eb6ea6da4c787111adf40f697b4e58732ee0942b5d3bd8f435277643329ba627",
                "sha256:ec8c433b3ab0419100bd45b47c9c8551248a5aee30ca5e9d399a0b57ac04651b",
                "sha256:eff9d20417ff9dcb0d25e2defc2574d10b491bf2e693b4e491914738b7908168",
                "sha256:f0214eb2a23b85528310dad848ad2ac58e735612929c8072f6093f3585fd342d",
                "sha256:f276df9830dba7a333544bd41070e8175762a7ac20350786b322b714b0e654f5",
                "sha256:f3acda1924472472ddd60c29e5b9db0cec629fbe3c5c5accb74d6d6d14773478",
                "sha256:f70a9e237bb792c7cc7e44c531fd48f5897961701cdaa06cf22fc14965c496cf",
                "sha256:f9d29ca8a77117315101425ec7ec2a47a22ccf59f5593378fc4077ac5b754fce",
                "sha256:fa877ca7f6b48054f847b61d6fa7bed5cebb663ebc55e018fda12db09dcc664c",
                "sha256:fdcec0b8399108577ec290f55551d926d9a1fa6cad45882093a7a07ac5ec147b"
            ],
            "markers": "python_version >= '3' and platform_machine == 'aarch64' or (platform_machine == 'ppc64le' or (platform_machine == 'x86_64' or (platform_machine == 'amd64' or (platform_machine == 'AMD64' or (platform_machine == 'win32' or platform_machine == 'WIN32')))))",
            "version": "==1.1.2"
        },
        "mako": {
            "hashes": [
                "sha256:3724869b363ba630a272a5f89f68c070352137b8fd1757650017b7e06fda163f",
                "sha256:8efcb8004681b5f71d09c983ad5a9e6f5c40601a6ec469148753292abc0da534"
            ],
            "index": "pypi",
            "markers": "python_version >= '3.7'",
            "version": "==1.2.2"
        },
        "markupsafe": {
            "hashes": [
                "sha256:00e046b6dd71aa03a41079792f8473dc494d564611a8f89bbbd7cb93295ebdcf",
                "sha256:075202fa5b72c86ad32dc7d0b56024ebdbcf2048c0ba09f1cde31bfdd57bcfff",
                "sha256:0e397ac966fdf721b2c528cf028494e86172b4feba51d65f81ffd65c63798f3f",
                "sha256:17b950fccb810b3293638215058e432159d2b71005c74371d784862b7e4683f3",
                "sha256:1f3fbcb7ef1f16e48246f704ab79d79da8a46891e2da03f8783a5b6fa41a9532",
                "sha256:2174c595a0d73a3080ca3257b40096db99799265e1c27cc5a610743acd86d62f",
                "sha256:2b7c57a4dfc4f16f7142221afe5ba4e093e09e728ca65c51f5620c9aaeb9a617",
                "sha256:2d2d793e36e230fd32babe143b04cec8a8b3eb8a3122d2aceb4a371e6b09b8df",
                "sha256:30b600cf0a7ac9234b2638fbc0fb6158ba5bdcdf46aeb631ead21248b9affbc4",
                "sha256:397081c1a0bfb5124355710fe79478cdbeb39626492b15d399526ae53422b906",
                "sha256:3a57fdd7ce31c7ff06cdfbf31dafa96cc533c21e443d57f5b1ecc6cdc668ec7f",
                "sha256:3c6b973f22eb18a789b1460b4b91bf04ae3f0c4234a0a6aa6b0a92f6f7b951d4",
                "sha256:3e53af139f8579a6d5f7b76549125f0d94d7e630761a2111bc431fd820e163b8",
                "sha256:4096e9de5c6fdf43fb4f04c26fb114f61ef0bf2e5604b6ee3019d51b69e8c371",
                "sha256:4275d846e41ecefa46e2015117a9f491e57a71ddd59bbead77e904dc02b1bed2",
                "sha256:4c31f53cdae6ecfa91a77820e8b151dba54ab528ba65dfd235c80b086d68a465",
                "sha256:4f11aa001c540f62c6166c7726f71f7573b52c68c31f014c25cc7901deea0b52",
                "sha256:5049256f536511ee3f7e1b3f87d1d1209d327e818e6ae1365e8653d7e3abb6a6",
                "sha256:58c98fee265677f63a4385256a6d7683ab1832f3ddd1e66fe948d5880c21a169",
                "sha256:598e3276b64aff0e7b3451b72e94fa3c238d452e7ddcd893c3ab324717456bad",
                "sha256:5b7b716f97b52c5a14bffdf688f971b2d5ef4029127f1ad7a513973cfd818df2",
                "sha256:5dedb4db619ba5a2787a94d877bc8ffc0566f92a01c0ef214865e54ecc9ee5e0",
                "sha256:619bc166c4f2de5caa5a633b8b7326fbe98e0ccbfacabd87268a2b15ff73a029",
                "sha256:629ddd2ca402ae6dbedfceeba9c46d5f7b2a61d9749597d4307f943ef198fc1f",
                "sha256:656f7526c69fac7f600bd1f400991cc282b417d17539a1b228617081106feb4a",
                "sha256:6ec585f69cec0aa07d945b20805be741395e28ac1627333b1c5b0105962ffced",
                "sha256:72b6be590cc35924b02c78ef34b467da4ba07e4e0f0454a2c5907f473fc50ce5",
                "sha256:7502934a33b54030eaf1194c21c692a534196063db72176b0c4028e140f8f32c",
                "sha256:7a68b554d356a91cce1236aa7682dc01df0edba8d043fd1ce607c49dd3c1edcf",
                "sha256:7b2e5a267c855eea6b4283940daa6e88a285f5f2a67f2220203786dfa59b37e9",
                "sha256:823b65d8706e32ad2df51ed89496147a42a2a6e01c13cfb6ffb8b1e92bc910bb",
                "sha256:8590b4ae07a35970728874632fed7bd57b26b0102df2d2b233b6d9d82f6c62ad",
                "sha256:8dd717634f5a044f860435c1d8c16a270ddf0ef8588d4887037c5028b859b0c3",
                "sha256:8dec4936e9c3100156f8a2dc89c4b88d5c435175ff03413b443469c7c8c5f4d1",
                "sha256:97cafb1f3cbcd3fd2b6fbfb99ae11cdb14deea0736fc2b0952ee177f2b813a46",
                "sha256:a17a92de5231666cfbe003f0e4b9b3a7ae3afb1ec2845aadc2bacc93ff85febc",
                "sha256:a549b9c31bec33820e885335b451286e2969a2d9e24879f83fe904a5ce59d70a",
                "sha256:ac07bad82163452a6884fe8fa0963fb98c2346ba78d779ec06bd7a6262132aee",
                "sha256:ae2ad8ae6ebee9d2d94b17fb62763125f3f374c25618198f40cbb8b525411900",
                "sha256:b91c037585eba9095565a3556f611e3cbfaa42ca1e865f7b8015fe5c7336d5a5",
                "sha256:bc1667f8b83f48511b94671e0e441401371dfd0f0a795c7daa4a3cd1dde55bea",
                "sha256:bec0a414d016ac1a18862a519e54b2fd0fc8bbfd6890376898a6c0891dd82e9f",
                "sha256:bf50cd79a75d181c9181df03572cdce0fbb75cc353bc350712073108cba98de5",
                "sha256:bff1b4290a66b490a2f4719358c0cdcd9bafb6b8f061e45c7a2460866bf50c2e",
                "sha256:c061bb86a71b42465156a3ee7bd58c8c2ceacdbeb95d05a99893e08b8467359a",
                "sha256:c8b29db45f8fe46ad280a7294f5c3ec36dbac9491f2d1c17345be8e69cc5928f",
                "sha256:ce409136744f6521e39fd8e2a24c53fa18ad67aa5bc7c2cf83645cce5b5c4e50",
                "sha256:d050b3361367a06d752db6ead6e7edeb0009be66bc3bae0ee9d97fb326badc2a",
                "sha256:d283d37a890ba4c1ae73ffadf8046435c76e7bc2247bbb63c00bd1a709c6544b",
                "sha256:d9fad5155d72433c921b782e58892377c44bd6252b5af2f67f16b194987338a4",
                "sha256:daa4ee5a243f0f20d528d939d06670a298dd39b1ad5f8a72a4275124a7819eff",
                "sha256:db0b55e0f3cc0be60c1f19efdde9a637c32740486004f20d1cff53c3c0ece4d2",
                "sha256:e61659ba32cf2cf1481e575d0462554625196a1f2fc06a1c777d3f48e8865d46",
                "sha256:ea3d8a3d18833cf4304cd2fc9cbb1efe188ca9b5efef2bdac7adc20594a0e46b",
                "sha256:ec6a563cff360b50eed26f13adc43e61bc0c04d94b8be985e6fb24b81f6dcfdf",
                "sha256:f5dfb42c4604dddc8e4305050aa6deb084540643ed5804d7455b5df8fe16f5e5",
                "sha256:fa173ec60341d6bb97a89f5ea19c85c5643c1e7dedebc22f5181eb73573142c5",
                "sha256:fa9db3f79de01457b03d4f01b34cf91bc0048eb2c3846ff26f66687c2f6d16ab",
                "sha256:fce659a462a1be54d2ffcacea5e3ba2d74daa74f30f5f143fe0c58636e355fdd",
                "sha256:ffee1f21e5ef0d712f9033568f8344d5da8cc2869dbd08d87c84656e6a2d2f68"
            ],
            "markers": "python_version >= '3.7'",
            "version": "==2.1.5"
        },
        "psycopg2-binary": {
            "hashes": [
                "sha256:01310cf4cf26db9aea5158c217caa92d291f0500051a6469ac52166e1a16f5b7",
                "sha256:083a55275f09a62b8ca4902dd11f4b33075b743cf0d360419e2051a8a5d5ff76",
                "sha256:090f3348c0ab2cceb6dfbe6bf721ef61262ddf518cd6cc6ecc7d334996d64efa",
                "sha256:0a29729145aaaf1ad8bafe663131890e2111f13416b60e460dae0a96af5905c9",
                "sha256:0c9d5450c566c80c396b7402895c4369a410cab5a82707b11aee1e624da7d004",
                "sha256:10bb90fb4d523a2aa67773d4ff2b833ec00857f5912bafcfd5f5414e45280fb1",
                "sha256:12b11322ea00ad8db8c46f18b7dfc47ae215e4df55b46c67a94b4effbaec7094",
                "sha256:152f09f57417b831418304c7f30d727dc83a12761627bb826951692cc6491e57",
                "sha256:15803fa813ea05bef089fa78835118b5434204f3a17cb9f1e5dbfd0b9deea5af",
                "sha256:15c4e4cfa45f5a60599d9cec5f46cd7b1b29d86a6390ec23e8eebaae84e64554",
                "sha256:183a517a3a63503f70f808b58bfbf962f23d73b6dccddae5aa56152ef2bcb232",
                "sha256:1f14c8b0942714eb3c74e1e71700cbbcb415acbc311c730370e70c578a44a25c",
                "sha256:1f6b813106a3abdf7b03640d36e24669234120c72e91d5cbaeb87c5f7c36c65b",
                "sha256:280b0bb5cbfe8039205c7981cceb006156a675362a00fe29b16fbc264e242834",
                "sha256:2d872e3c9d5d075a2e104540965a1cf898b52274a5923936e5bfddb58c59c7c2",
                "sha256:2f9ffd643bc7349eeb664eba8864d9e01f057880f510e4681ba40a6532f93c71",
                "sha256:3303f8807f342641851578ee7ed1f3efc9802d00a6f83c101d21c608cb864460",
                "sha256:35168209c9d51b145e459e05c31a9eaeffa9a6b0fd61689b48e07464ffd1a83e",
                "sha256:3a79d622f5206d695d7824cbf609a4f5b88ea6d6dab5f7c147fc6d333a8787e4",
                "sha256:404224e5fef3b193f892abdbf8961ce20e0b6642886cfe1fe1923f41aaa75c9d",
                "sha256:46f0e0a6b5fa5851bbd9ab1bc805eef362d3a230fbdfbc209f4a236d0a7a990d",
                "sha256:47133f3f872faf28c1e87d4357220e809dfd3fa7c64295a4a148bcd1e6e34ec9",
                "sha256:526ea0378246d9b080148f2d6681229f4b5964543c170dd10bf4faaab6e0d27f",
                "sha256:53293533fcbb94c202b7c800a12c873cfe24599656b341f56e71dd2b557be063",
                "sha256:539b28661b71da7c0e428692438efbcd048ca21ea81af618d845e06ebfd29478",
                "sha256:57804fc02ca3ce0dbfbef35c4b3a4a774da66d66ea20f4bda601294ad2ea6092",
                "sha256:63638d875be8c2784cfc952c9ac34e2b50e43f9f0a0660b65e2a87d656b3116c",
                "sha256:6472a178e291b59e7f16ab49ec8b4f3bdada0a879c68d3817ff0963e722a82ce",
                "sha256:68641a34023d306be959101b345732360fc2ea4938982309b786f7be1b43a4a1",
                "sha256:6e82d38390a03da28c7985b394ec3f56873174e2c88130e6966cb1c946508e65",
                "sha256:761df5313dc15da1502b21453642d7599d26be88bff659382f8f9747c7ebea4e",
                "sha256:7af0dd86ddb2f8af5da57a976d27cd2cd15510518d582b478fbb2292428710b4",
                "sha256:7b1e9b80afca7b7a386ef087db614faebbf8839b7f4db5eb107d0f1a53225029",
                "sha256:874a52ecab70af13e899f7847b3e074eeb16ebac5615665db33bce8a1009cf33",
                "sha256:887dd9aac71765ac0d0bac1d0d4b4f2c99d5f5c1382d8b770404f0f3d0ce8a39",
                "sha256:8b344adbb9a862de0c635f4f0425b7958bf5a4b927c8594e6e8d261775796d53",
                "sha256:8fc53f9af09426a61db9ba357865c77f26076d48669f2e1bb24d85a22fb52307",
                "sha256:91920527dea30175cc02a1099f331aa8c1ba39bf8b7762b7b56cbf54bc5cce42",
                "sha256:93cd1967a18aa0edd4b95b1dfd554cf15af657cb606280996d393dadc88c3c35",
                "sha256:99485cab9ba0fa9b84f1f9e1fef106f44a46ef6afdeec8885e0b88d0772b49e8",
                "sha256:9d29409b625a143649d03d0fd7b57e4b92e0ecad9726ba682244b73be91d2fdb",
                "sha256:a29b3ca4ec9defec6d42bf5feb36bb5817ba3c0230dd83b4edf4bf02684cd0ae",
                "sha256:a9e1f75f96ea388fbcef36c70640c4efbe4650658f3d6a2967b4cc70e907352e",
                "sha256:accfe7e982411da3178ec690baaceaad3c278652998b2c45828aaac66cd8285f",
                "sha256:adf20d9a67e0b6393eac162eb81fb10bc9130a80540f4df7e7355c2dd4af9fba",
                "sha256:af9813db73395fb1fc211bac696faea4ca9ef53f32dc0cfa27e4e7cf766dcf24",
                "sha256:b1c8068513f5b158cf7e29c43a77eb34b407db29aca749d3eb9293ee0d3103ca",
                "sha256:bda845b664bb6c91446ca9609fc69f7db6c334ec5e4adc87571c34e4f47b7ddb",
                "sha256:c381bda330ddf2fccbafab789d83ebc6c53db126e4383e73794c74eedce855ef",
                "sha256:c3ae8e75eb7160851e59adc77b3a19a976e50622e44fd4fd47b8b18208189d42",
                "sha256:d1c1b569ecafe3a69380a94e6ae09a4789bbb23666f3d3a08d06bbd2451f5ef1",
                "sha256:def68d7c21984b0f8218e8a15d514f714d96904265164f75f8d3a70f9c295667",
                "sha256:dffc08ca91c9ac09008870c9eb77b00a46b3378719584059c034b8945e26b272",
                "sha256:e3699852e22aa68c10de06524a3721ade969abf382da95884e6a10ff798f9281",
                "sha256:e847774f8ffd5b398a75bc1c18fbb56564cda3d629fe68fd81971fece2d3c67e",
                "sha256:ffb7a888a047696e7f8240d649b43fb3644f14f0ee229077e7f6b9f9081635bd"
            ],
            "index": "pypi",
            "version": "==2.9.3"
        },
        "sqlalchemy": {
            "hashes": [
                "sha256:05fa14f279d43df68964ad066f653193187909950aa0163320b728edfc400167",
                "sha256:0ddc5e5ccc0160e7ad190e5c61eb57560f38559e22586955f205e537cda26034",
                "sha256:15a03261aa1e68f208e71ae3cd845b00063d242cbf8c87348a0c2c0fc6e1f2ac",
                "sha256:289465162b1fa1e7a982f8abe59d26a8331211cad4942e8031d2b7db1f75e649",
                "sha256:2e216c13ecc7fcdcbb86bb3225425b3ed338e43a8810c7089ddb472676124b9b",
                "sha256:2fd4d3ca64c41dae31228b80556ab55b6489275fb204827f6560b65f95692cf3",
                "sha256:330eb45395874cc7787214fdd4489e2afb931bc49e0a7a8f9cd56d6e9c5b1639",
                "sha256:3c7ed6c69debaf6198fadb1c16ae1253a29a7670bbf0646f92582eb465a0b999",
                "sha256:4ad31cec8b49fd718470328ad9711f4dc703507d434fd45461096da0a7135ee0",
                "sha256:57205844f246bab9b666a32f59b046add8995c665d9ecb2b7b837b087df90639",
                "sha256:582b59d1e5780a447aada22b461e50b404a9dc05768da1d87368ad8190468418",
                "sha256:5e9c7b3567edbc2183607f7d9f3e7e89355b8f8984eec4d2cd1e1513c8f7b43f",
                "sha256:6a01ec49ca54ce03bc14e10de55dfc64187a2194b3b0e5ac0fdbe9b24767e79e",
                "sha256:6f22c040d196f841168b1456e77c30a18a3dc16b336ddbc5a24ce01ab4e95ae0",
                "sha256:81f2dd355b57770fdf292b54f3e0a9823ec27a543f947fa2eb4ec0df44f35f0d",
                "sha256:85e4c244e1de056d48dae466e9baf9437980c19fcde493e0db1a0a986e6d75b4",
                "sha256:8d0949b11681380b4a50ac3cd075e4816afe9fa4a8c8ae006c1ca26f0fa40ad8",
                "sha256:975f5c0793892c634c4920057da0de3a48bbbbd0a5c86f5fcf2f2fedf41b76da",
                "sha256:9e4fb2895b83993831ba2401b6404de953fdbfa9d7d4fa6a4756294a83bbc94f",
                "sha256:b35dca159c1c9fa8a5f9005e42133eed82705bf8e243da371a5e5826440e65ca",
                "sha256:b7b20c88873675903d6438d8b33fba027997193e274b9367421e610d9da76c08",
                "sha256:bb4b15fb1f0aafa65cbdc62d3c2078bea1ceecbfccc9a1f23a2113c9ac1191fa",
                "sha256:c0c7171aa5a57e522a04a31b84798b6c926234cb559c0939840c3235cf068813",
                "sha256:c317ddd7c586af350a6aef22b891e84b16bff1a27886ed5b30f15c1ed59caeaa",
                "sha256:c3abc34fed19fdeaead0ced8cf56dd121f08198008c033596aa6aae7cc58f59f",
                "sha256:ca68c52e3cae491ace2bf39b35fef4ce26c192fd70b4cd90f040d419f70893b5",
                "sha256:cf2cd387409b12d0a8b801610d6336ee7d24043b6dd965950eaec09b73e7262f",
                "sha256:d046a9aeba9bc53e88a41e58beb72b6205abb9a20f6c136161adf9128e589db5",
                "sha256:d5c20c8415173b119762b6110af64448adccd4d11f273fb9f718a9865b88a99c",
                "sha256:d86132922531f0dc5a4f424c7580a472a924dd737602638e704841c9cb24aea2",
                "sha256:dccff41478050e823271642837b904d5f9bda3f5cf7d371ce163f00a694118d6",
                "sha256:de85c26a5a1c72e695ab0454e92f60213b4459b8d7c502e0be7a6369690eeb1a",
                "sha256:e3a86b59b6227ef72ffc10d4b23f0fe994bef64d4667eab4fb8cd43de4223bec",
                "sha256:e79e73d5ee24196d3057340e356e6254af4d10e1fc22d3207ea8342fc5ffb977",
                "sha256:ea8210090a816d48a4291a47462bac750e3bc5c2442e6d64f7b8137a7c3f9ac5",
                "sha256:f3b7ec97e68b68cb1f9ddb82eda17b418f19a034fa8380a0ac04e8fe01532875"
            ],
            "markers": "python_version >= '2.7' and python_version not in '3.0, 3.1, 3.2, 3.3, 3.4, 3.5'",
            "version": "==1.4.31"
        }
    },
    "develop": {}
}
